
Microsoft Visual Studio Solution File, Format Version 12.00
# Visual Studio Version 16
VisualStudioVersion = 16.0.30804.86
MinimumVisualStudioVersion = 10.0.40219.1
Project("{9A19103F-16F7-4668-BE54-9A1E7A4F7556}") = "KampIntro", "KampIntro\KampIntro.csproj", "{77B99F00-5D56-48CB-9D61-CDDEAC59B97F}"
EndProject
Project("{9A19103F-16F7-4668-BE54-9A1E7A4F7556}") = "Donguler", "Donguler\Donguler.csproj", "{97EF4851-10A7-405E-8777-DBED9EA268D6}"
EndProject
Project("{9A19103F-16F7-4668-BE54-9A1E7A4F7556}") = "ClassIntro", "ClassIntro\ClassIntro.csproj", "{64C6833C-B18A-44FE-971C-3EA252DCFAFD}"
EndProject
Project("{9A19103F-16F7-4668-BE54-9A1E7A4F7556}") = "Metotlar", "Metotlar\Metotlar.csproj", "{351C7841-6FD0-472A-BDC0-BA9460F6FBD0}"
EndProject
Project("{9A19103F-16F7-4668-BE54-9A1E7A4F7556}") = "Matematik", "Matematik\Matematik.csproj", "{A9AD3AD4-8817-43D0-8EDC-F2859E11337F}"
EndProject
Project("{9A19103F-16F7-4668-BE54-9A1E7A4F7556}") = "DegerVeReferansTipler", "DegerVeReferansTipler\DegerVeReferansTipler.csproj", "{DB7C57C2-B20F-4AD2-B58B-1D56EDF519C9}"
EndProject
Project("{9A19103F-16F7-4668-BE54-9A1E7A4F7556}") = "ClassMetotDemo", "ClassMetotDemo\ClassMetotDemo.csproj", "{C6738748-E594-4CA7-95BF-2E759F4F7DEB}"
EndProject
Project("{9A19103F-16F7-4668-BE54-9A1E7A4F7556}") = "OOP1", "OOP1\OOP1.csproj", "{8E684709-E49F-4F71-B369-3DA48708E02F}"
EndProject
Project("{9A19103F-16F7-4668-BE54-9A1E7A4F7556}") = "Koleksiyonlar", "Koleksiyonlar\Koleksiyonlar.csproj", "{1E46B972-ABF5-4B1D-A89E-72A0E64B4887}"
EndProject
Project("{9A19103F-16F7-4668-BE54-9A1E7A4F7556}") = "GenericsIntro", "GenericsIntro\GenericsIntro.csproj", "{EFA3A09A-F254-4C53-BB78-9A088834BD03}"
EndProject
Project("{9A19103F-16F7-4668-BE54-9A1E7A4F7556}") = "OOP2", "OOP2\OOP2.csproj", "{1F273827-3776-49EE-B499-5CCA343283D4}"
EndProject
Project("{9A19103F-16F7-4668-BE54-9A1E7A4F7556}") = "OOP3", "OOP3\OOP3.csproj", "{768E8DC2-2271-414E-8891-ED904153677C}"
EndProject
Project("{9A19103F-16F7-4668-BE54-9A1E7A4F7556}") = "GameProjectDemo", "GameProjectDemo\GameProjectDemo.csproj", "{2AB596C0-59B1-4C0D-8E7C-B04DC4124383}"
EndProject
Project("{FAE04EC0-301F-11D3-BF4B-00C04F79EFBC}") = "GameProject", "GameProject\GameProject.csproj", "{1A21E50B-966C-478B-A58A-B42FAA22FB31}"
EndProject
Global
	GlobalSection(SolutionConfigurationPlatforms) = preSolution
		Debug|Any CPU = Debug|Any CPU
		Release|Any CPU = Release|Any CPU
	EndGlobalSection
	GlobalSection(ProjectConfigurationPlatforms) = postSolution
		{77B99F00-5D56-48CB-9D61-CDDEAC59B97F}.Debug|Any CPU.ActiveCfg = Debug|Any CPU
		{77B99F00-5D56-48CB-9D61-CDDEAC59B97F}.Debug|Any CPU.Build.0 = Debug|Any CPU
		{77B99F00-5D56-48CB-9D61-CDDEAC59B97F}.Release|Any CPU.ActiveCfg = Release|Any CPU
		{77B99F00-5D56-48CB-9D61-CDDEAC59B97F}.Release|Any CPU.Build.0 = Release|Any CPU
		{97EF4851-10A7-405E-8777-DBED9EA268D6}.Debug|Any CPU.ActiveCfg = Debug|Any CPU
		{97EF4851-10A7-405E-8777-DBED9EA268D6}.Debug|Any CPU.Build.0 = Debug|Any CPU
		{97EF4851-10A7-405E-8777-DBED9EA268D6}.Release|Any CPU.ActiveCfg = Release|Any CPU
		{97EF4851-10A7-405E-8777-DBED9EA268D6}.Release|Any CPU.Build.0 = Release|Any CPU
		{64C6833C-B18A-44FE-971C-3EA252DCFAFD}.Debug|Any CPU.ActiveCfg = Debug|Any CPU
		{64C6833C-B18A-44FE-971C-3EA252DCFAFD}.Debug|Any CPU.Build.0 = Debug|Any CPU
		{64C6833C-B18A-44FE-971C-3EA252DCFAFD}.Release|Any CPU.ActiveCfg = Release|Any CPU
		{64C6833C-B18A-44FE-971C-3EA252DCFAFD}.Release|Any CPU.Build.0 = Release|Any CPU
		{351C7841-6FD0-472A-BDC0-BA9460F6FBD0}.Debug|Any CPU.ActiveCfg = Debug|Any CPU
		{351C7841-6FD0-472A-BDC0-BA9460F6FBD0}.Debug|Any CPU.Build.0 = Debug|Any CPU
		{351C7841-6FD0-472A-BDC0-BA9460F6FBD0}.Release|Any CPU.ActiveCfg = Release|Any CPU
		{351C7841-6FD0-472A-BDC0-BA9460F6FBD0}.Release|Any CPU.Build.0 = Release|Any CPU
		{A9AD3AD4-8817-43D0-8EDC-F2859E11337F}.Debug|Any CPU.ActiveCfg = Debug|Any CPU
		{A9AD3AD4-8817-43D0-8EDC-F2859E11337F}.Debug|Any CPU.Build.0 = Debug|Any CPU
		{A9AD3AD4-8817-43D0-8EDC-F2859E11337F}.Release|Any CPU.ActiveCfg = Release|Any CPU
		{A9AD3AD4-8817-43D0-8EDC-F2859E11337F}.Release|Any CPU.Build.0 = Release|Any CPU
		{DB7C57C2-B20F-4AD2-B58B-1D56EDF519C9}.Debug|Any CPU.ActiveCfg = Debug|Any CPU
		{DB7C57C2-B20F-4AD2-B58B-1D56EDF519C9}.Debug|Any CPU.Build.0 = Debug|Any CPU
		{DB7C57C2-B20F-4AD2-B58B-1D56EDF519C9}.Release|Any CPU.ActiveCfg = Release|Any CPU
		{DB7C57C2-B20F-4AD2-B58B-1D56EDF519C9}.Release|Any CPU.Build.0 = Release|Any CPU
		{C6738748-E594-4CA7-95BF-2E759F4F7DEB}.Debug|Any CPU.ActiveCfg = Debug|Any CPU
		{C6738748-E594-4CA7-95BF-2E759F4F7DEB}.Debug|Any CPU.Build.0 = Debug|Any CPU
		{C6738748-E594-4CA7-95BF-2E759F4F7DEB}.Release|Any CPU.ActiveCfg = Release|Any CPU
		{C6738748-E594-4CA7-95BF-2E759F4F7DEB}.Release|Any CPU.Build.0 = Release|Any CPU
		{8E684709-E49F-4F71-B369-3DA48708E02F}.Debug|Any CPU.ActiveCfg = Debug|Any CPU
		{8E684709-E49F-4F71-B369-3DA48708E02F}.Debug|Any CPU.Build.0 = Debug|Any CPU
		{8E684709-E49F-4F71-B369-3DA48708E02F}.Release|Any CPU.ActiveCfg = Release|Any CPU
		{8E684709-E49F-4F71-B369-3DA48708E02F}.Release|Any CPU.Build.0 = Release|Any CPU
		{1E46B972-ABF5-4B1D-A89E-72A0E64B4887}.Debug|Any CPU.ActiveCfg = Debug|Any CPU
		{1E46B972-ABF5-4B1D-A89E-72A0E64B4887}.Debug|Any CPU.Build.0 = Debug|Any CPU
		{1E46B972-ABF5-4B1D-A89E-72A0E64B4887}.Release|Any CPU.ActiveCfg = Release|Any CPU
		{1E46B972-ABF5-4B1D-A89E-72A0E64B4887}.Release|Any CPU.Build.0 = Release|Any CPU
		{EFA3A09A-F254-4C53-BB78-9A088834BD03}.Debug|Any CPU.ActiveCfg = Debug|Any CPU
		{EFA3A09A-F254-4C53-BB78-9A088834BD03}.Debug|Any CPU.Build.0 = Debug|Any CPU
		{EFA3A09A-F254-4C53-BB78-9A088834BD03}.Release|Any CPU.ActiveCfg = Release|Any CPU
		{EFA3A09A-F254-4C53-BB78-9A088834BD03}.Release|Any CPU.Build.0 = Release|Any CPU
		{1F273827-3776-49EE-B499-5CCA343283D4}.Debug|Any CPU.ActiveCfg = Debug|Any CPU
		{1F273827-3776-49EE-B499-5CCA343283D4}.Debug|Any CPU.Build.0 = Debug|Any CPU
		{1F273827-3776-49EE-B499-5CCA343283D4}.Release|Any CPU.ActiveCfg = Release|Any CPU
		{1F273827-3776-49EE-B499-5CCA343283D4}.Release|Any CPU.Build.0 = Release|Any CPU
		{768E8DC2-2271-414E-8891-ED904153677C}.Debug|Any CPU.ActiveCfg = Debug|Any CPU
		{768E8DC2-2271-414E-8891-ED904153677C}.Debug|Any CPU.Build.0 = Debug|Any CPU
		{768E8DC2-2271-414E-8891-ED904153677C}.Release|Any CPU.ActiveCfg = Release|Any CPU
		{768E8DC2-2271-414E-8891-ED904153677C}.Release|Any CPU.Build.0 = Release|Any CPU
		{2AB596C0-59B1-4C0D-8E7C-B04DC4124383}.Debug|Any CPU.ActiveCfg = Debug|Any CPU
		{2AB596C0-59B1-4C0D-8E7C-B04DC4124383}.Debug|Any CPU.Build.0 = Debug|Any CPU
		{2AB596C0-59B1-4C0D-8E7C-B04DC4124383}.Release|Any CPU.ActiveCfg = Release|Any CPU
		{2AB596C0-59B1-4C0D-8E7C-B04DC4124383}.Release|Any CPU.Build.0 = Release|Any CPU
		{1A21E50B-966C-478B-A58A-B42FAA22FB31}.Debug|Any CPU.ActiveCfg = Debug|Any CPU
		{1A21E50B-966C-478B-A58A-B42FAA22FB31}.Debug|Any CPU.Build.0 = Debug|Any CPU
		{1A21E50B-966C-478B-A58A-B42FAA22FB31}.Release|Any CPU.ActiveCfg = Release|Any CPU
		{1A21E50B-966C-478B-A58A-B42FAA22FB31}.Release|Any CPU.Build.0 = Release|Any CPU
	EndGlobalSection
	GlobalSection(SolutionProperties) = preSolution
		HideSolutionNode = FALSE
	EndGlobalSection
	GlobalSection(ExtensibilityGlobals) = postSolution
		SolutionGuid = {C7501828-2854-4DA8-8A40-23E5C7BCAD09}
	EndGlobalSection
EndGlobal
